
Microsoft Visual Studio Solution File, Format Version 12.00
# Visual Studio Version 17
VisualStudioVersion = 17.1.32228.430
MinimumVisualStudioVersion = 10.0.40219.1
Project("{FAE04EC0-301F-11D3-BF4B-00C04F79EFBC}") = "WebCRUD.API", "WebCRUD.API\WebCRUD.API.csproj", "{EE4095E0-15EE-46E0-8E9B-B4C6C01CA1D7}"
EndProject
Project("{FAE04EC0-301F-11D3-BF4B-00C04F79EFBC}") = "WebCRUD.Service", "WebCRUD.Service\WebCRUD.Service.csproj", "{6732D774-7373-4DA2-8452-311AA817AD55}"
EndProject
Project("{FAE04EC0-301F-11D3-BF4B-00C04F79EFBC}") = "WebCRUD.Repository", "WebCRUD.Repository\WebCRUD.Repository.csproj", "{85E781F6-FC7F-4C4A-87B5-DEE0B07423CA}"
EndProject
Project("{FAE04EC0-301F-11D3-BF4B-00C04F79EFBC}") = "WebCRUD.Service.Common", "WebCRUD.Service.Common\WebCRUD.Service.Common.csproj", "{CE787969-9472-4941-9D25-B9277DD7285C}"
EndProject
Project("{FAE04EC0-301F-11D3-BF4B-00C04F79EFBC}") = "WebCRUD.Repository.Common", "WebCRUD.Repository.Common\WebCRUD.Repository.Common.csproj", "{C884A84F-84F1-4DCD-B117-29C18DDDE80E}"
EndProject
Project("{FAE04EC0-301F-11D3-BF4B-00C04F79EFBC}") = "WebCRUD.Common", "WebCRUD.Common\WebCRUD.Common.csproj", "{37D96EE4-5324-453D-A770-5C89F8E1479E}"
EndProject
Project("{FAE04EC0-301F-11D3-BF4B-00C04F79EFBC}") = "WebCRUD.DAL", "WebCRUD.DAL\WebCRUD.DAL.csproj", "{2DA01C39-D25A-4320-9171-7A12A6DB6D2D}"
EndProject
Project("{FAE04EC0-301F-11D3-BF4B-00C04F79EFBC}") = "WebCRUD.Model", "WebCRUD.Model\WebCRUD.Model.csproj", "{755BC170-41C5-41D4-83F6-B049A07949AC}"
EndProject
Global
	GlobalSection(SolutionConfigurationPlatforms) = preSolution
		Debug|Any CPU = Debug|Any CPU
		Release|Any CPU = Release|Any CPU
	EndGlobalSection
	GlobalSection(ProjectConfigurationPlatforms) = postSolution
		{EE4095E0-15EE-46E0-8E9B-B4C6C01CA1D7}.Debug|Any CPU.ActiveCfg = Debug|Any CPU
		{EE4095E0-15EE-46E0-8E9B-B4C6C01CA1D7}.Debug|Any CPU.Build.0 = Debug|Any CPU
		{EE4095E0-15EE-46E0-8E9B-B4C6C01CA1D7}.Release|Any CPU.ActiveCfg = Release|Any CPU
		{EE4095E0-15EE-46E0-8E9B-B4C6C01CA1D7}.Release|Any CPU.Build.0 = Release|Any CPU
		{6732D774-7373-4DA2-8452-311AA817AD55}.Debug|Any CPU.ActiveCfg = Debug|Any CPU
		{6732D774-7373-4DA2-8452-311AA817AD55}.Debug|Any CPU.Build.0 = Debug|Any CPU
		{6732D774-7373-4DA2-8452-311AA817AD55}.Release|Any CPU.ActiveCfg = Release|Any CPU
		{6732D774-7373-4DA2-8452-311AA817AD55}.Release|Any CPU.Build.0 = Release|Any CPU
		{85E781F6-FC7F-4C4A-87B5-DEE0B07423CA}.Debug|Any CPU.ActiveCfg = Debug|Any CPU
		{85E781F6-FC7F-4C4A-87B5-DEE0B07423CA}.Debug|Any CPU.Build.0 = Debug|Any CPU
		{85E781F6-FC7F-4C4A-87B5-DEE0B07423CA}.Release|Any CPU.ActiveCfg = Release|Any CPU
		{85E781F6-FC7F-4C4A-87B5-DEE0B07423CA}.Release|Any CPU.Build.0 = Release|Any CPU
		{CE787969-9472-4941-9D25-B9277DD7285C}.Debug|Any CPU.ActiveCfg = Debug|Any CPU
		{CE787969-9472-4941-9D25-B9277DD7285C}.Debug|Any CPU.Build.0 = Debug|Any CPU
		{CE787969-9472-4941-9D25-B9277DD7285C}.Release|Any CPU.ActiveCfg = Release|Any CPU
		{CE787969-9472-4941-9D25-B9277DD7285C}.Release|Any CPU.Build.0 = Release|Any CPU
		{C884A84F-84F1-4DCD-B117-29C18DDDE80E}.Debug|Any CPU.ActiveCfg = Debug|Any CPU
		{C884A84F-84F1-4DCD-B117-29C18DDDE80E}.Debug|Any CPU.Build.0 = Debug|Any CPU
		{C884A84F-84F1-4DCD-B117-29C18DDDE80E}.Release|Any CPU.ActiveCfg = Release|Any CPU
		{C884A84F-84F1-4DCD-B117-29C18DDDE80E}.Release|Any CPU.Build.0 = Release|Any CPU
		{37D96EE4-5324-453D-A770-5C89F8E1479E}.Debug|Any CPU.ActiveCfg = Debug|Any CPU
		{37D96EE4-5324-453D-A770-5C89F8E1479E}.Debug|Any CPU.Build.0 = Debug|Any CPU
		{37D96EE4-5324-453D-A770-5C89F8E1479E}.Release|Any CPU.ActiveCfg = Release|Any CPU
		{37D96EE4-5324-453D-A770-5C89F8E1479E}.Release|Any CPU.Build.0 = Release|Any CPU
		{2DA01C39-D25A-4320-9171-7A12A6DB6D2D}.Debug|Any CPU.ActiveCfg = Debug|Any CPU
		{2DA01C39-D25A-4320-9171-7A12A6DB6D2D}.Debug|Any CPU.Build.0 = Debug|Any CPU
		{2DA01C39-D25A-4320-9171-7A12A6DB6D2D}.Release|Any CPU.ActiveCfg = Release|Any CPU
		{2DA01C39-D25A-4320-9171-7A12A6DB6D2D}.Release|Any CPU.Build.0 = Release|Any CPU
		{755BC170-41C5-41D4-83F6-B049A07949AC}.Debug|Any CPU.ActiveCfg = Debug|Any CPU
		{755BC170-41C5-41D4-83F6-B049A07949AC}.Debug|Any CPU.Build.0 = Debug|Any CPU
		{755BC170-41C5-41D4-83F6-B049A07949AC}.Release|Any CPU.ActiveCfg = Release|Any CPU
		{755BC170-41C5-41D4-83F6-B049A07949AC}.Release|Any CPU.Build.0 = Release|Any CPU
	EndGlobalSection
	GlobalSection(SolutionProperties) = preSolution
		HideSolutionNode = FALSE
	EndGlobalSection
	GlobalSection(ExtensibilityGlobals) = postSolution
		SolutionGuid = {2DD0D2C3-B8C7-46D5-B46A-32B1FA87500C}
	EndGlobalSection
EndGlobal
